// !$*UTF8*$!
{
	archiveVersion = 1;
	classes = {
	};
	objectVersion = 46;
	objects = {

/* Begin PBXBuildFile section */
		BD10D51D195DBE1600BDC86E /* UIApplication+XUIKit.h in Headers */ = {isa = PBXBuildFile; fileRef = BD10D51B195DBE1600BDC86E /* UIApplication+XUIKit.h */; settings = {ATTRIBUTES = (Public, ); }; };
		BD10D51E195DBE1600BDC86E /* UIApplication+XUIKit.m in Sources */ = {isa = PBXBuildFile; fileRef = BD10D51C195DBE1600BDC86E /* UIApplication+XUIKit.m */; };
		BDFD69AD194E383E00799C33 /* XUIKit.framework in Frameworks */ = {isa = PBXBuildFile; fileRef = BDFD69A1194E383E00799C33 /* XUIKit.framework */; };
		BDFD69F5194E389800799C33 /* XUIKitTests.m in Sources */ = {isa = PBXBuildFile; fileRef = BDFD69F4194E388C00799C33 /* XUIKitTests.m */; };
		BDFD69F7194E390200799C33 /* XUIKit.h in Headers */ = {isa = PBXBuildFile; fileRef = BDFD69E0194E388C00799C33 /* XUIKit.h */; settings = {ATTRIBUTES = (Public, ); }; };
		BDFD69FA194E39EB00799C33 /* NSBundle+XUIKit.h in Headers */ = {isa = PBXBuildFile; fileRef = BDFD69C2194E388C00799C33 /* NSBundle+XUIKit.h */; settings = {ATTRIBUTES = (Public, ); }; };
		BDFD69FB194E39EB00799C33 /* NSBundle+XUIKit.m in Sources */ = {isa = PBXBuildFile; fileRef = BDFD69C3194E388C00799C33 /* NSBundle+XUIKit.m */; };
		BDFD69FC194E39EB00799C33 /* NSFetchedResultsController+XUIKit.h in Headers */ = {isa = PBXBuildFile; fileRef = BDFD69C4194E388C00799C33 /* NSFetchedResultsController+XUIKit.h */; settings = {ATTRIBUTES = (Public, ); }; };
		BDFD69FD194E39EB00799C33 /* NSFetchedResultsController+XUIKit.m in Sources */ = {isa = PBXBuildFile; fileRef = BDFD69C5194E388C00799C33 /* NSFetchedResultsController+XUIKit.m */; };
		BDFD69FE194E39EB00799C33 /* NSMutableAttributedString+XUIKit.h in Headers */ = {isa = PBXBuildFile; fileRef = BDFD69C6194E388C00799C33 /* NSMutableAttributedString+XUIKit.h */; settings = {ATTRIBUTES = (Public, ); }; };
		BDFD69FF194E39EB00799C33 /* NSMutableAttributedString+XUIKit.m in Sources */ = {isa = PBXBuildFile; fileRef = BDFD69C7194E388C00799C33 /* NSMutableAttributedString+XUIKit.m */; };
		BDFD6A00194E39EB00799C33 /* NSTextStorage+XUIKit.h in Headers */ = {isa = PBXBuildFile; fileRef = BDFD69C8194E388C00799C33 /* NSTextStorage+XUIKit.h */; settings = {ATTRIBUTES = (Public, ); }; };
		BDFD6A01194E39EB00799C33 /* NSTextStorage+XUIKit.m in Sources */ = {isa = PBXBuildFile; fileRef = BDFD69C9194E388C00799C33 /* NSTextStorage+XUIKit.m */; };
		BDFD6A02194E39EB00799C33 /* UIBarButtonItem+XUIKit.h in Headers */ = {isa = PBXBuildFile; fileRef = BDFD69CA194E388C00799C33 /* UIBarButtonItem+XUIKit.h */; settings = {ATTRIBUTES = (Public, ); }; };
		BDFD6A03194E39EB00799C33 /* UIBarButtonItem+XUIKit.m in Sources */ = {isa = PBXBuildFile; fileRef = BDFD69CB194E388C00799C33 /* UIBarButtonItem+XUIKit.m */; };
		BDFD6A04194E39EB00799C33 /* UICollectionView+XUIKit.h in Headers */ = {isa = PBXBuildFile; fileRef = BDFD69CC194E388C00799C33 /* UICollectionView+XUIKit.h */; settings = {ATTRIBUTES = (Public, ); }; };
		BDFD6A05194E39EB00799C33 /* UICollectionView+XUIKit.m in Sources */ = {isa = PBXBuildFile; fileRef = BDFD69CD194E388C00799C33 /* UICollectionView+XUIKit.m */; };
		BDFD6A06194E39EB00799C33 /* UIImage+XUIKit.h in Headers */ = {isa = PBXBuildFile; fileRef = BDFD69CE194E388C00799C33 /* UIImage+XUIKit.h */; settings = {ATTRIBUTES = (Public, ); }; };
		BDFD6A07194E39EB00799C33 /* UIImage+XUIKit.m in Sources */ = {isa = PBXBuildFile; fileRef = BDFD69CF194E388C00799C33 /* UIImage+XUIKit.m */; };
		BDFD6A08194E39EB00799C33 /* UITableView+XUIKit.h in Headers */ = {isa = PBXBuildFile; fileRef = BDFD69D0194E388C00799C33 /* UITableView+XUIKit.h */; settings = {ATTRIBUTES = (Public, ); }; };
		BDFD6A09194E39EB00799C33 /* UITableView+XUIKit.m in Sources */ = {isa = PBXBuildFile; fileRef = BDFD69D1194E388C00799C33 /* UITableView+XUIKit.m */; };
		BDFD6A0A194E39EB00799C33 /* UITextField+XUIKit.h in Headers */ = {isa = PBXBuildFile; fileRef = BDFD69D2194E388C00799C33 /* UITextField+XUIKit.h */; settings = {ATTRIBUTES = (Public, ); }; };
		BDFD6A0B194E39EB00799C33 /* UITextField+XUIKit.m in Sources */ = {isa = PBXBuildFile; fileRef = BDFD69D3194E388C00799C33 /* UITextField+XUIKit.m */; };
		BDFD6A0C194E39EB00799C33 /* UITextView+XUIKit.h in Headers */ = {isa = PBXBuildFile; fileRef = BDFD69D4194E388C00799C33 /* UITextView+XUIKit.h */; settings = {ATTRIBUTES = (Public, ); }; };
		BDFD6A0D194E39EB00799C33 /* UITextView+XUIKit.m in Sources */ = {isa = PBXBuildFile; fileRef = BDFD69D5194E388C00799C33 /* UITextView+XUIKit.m */; };
		BDFD6A0E194E39EB00799C33 /* UIView+XUIKit.h in Headers */ = {isa = PBXBuildFile; fileRef = BDFD69D6194E388C00799C33 /* UIView+XUIKit.h */; settings = {ATTRIBUTES = (Public, ); }; };
		BDFD6A0F194E39EB00799C33 /* UIView+XUIKit.m in Sources */ = {isa = PBXBuildFile; fileRef = BDFD69D7194E388C00799C33 /* UIView+XUIKit.m */; };
		BDFD6A16194E3BE400799C33 /* XUIInputView.h in Headers */ = {isa = PBXBuildFile; fileRef = BDFD69DE194E388C00799C33 /* XUIInputView.h */; settings = {ATTRIBUTES = (Public, ); }; };
		BDFD6A17194E3BE400799C33 /* XUIInputView.m in Sources */ = {isa = PBXBuildFile; fileRef = BDFD69DF194E388C00799C33 /* XUIInputView.m */; };
		BDFD6A19194E3BE400799C33 /* XUILabel.h in Headers */ = {isa = PBXBuildFile; fileRef = BDFD69E2194E388C00799C33 /* XUILabel.h */; settings = {ATTRIBUTES = (Public, ); }; };
		BDFD6A1A194E3BE400799C33 /* XUILabel.m in Sources */ = {isa = PBXBuildFile; fileRef = BDFD69E3194E388C00799C33 /* XUILabel.m */; };
		BDFD6A1B194E3BE400799C33 /* XUITableView.h in Headers */ = {isa = PBXBuildFile; fileRef = BDFD69E4194E388C00799C33 /* XUITableView.h */; settings = {ATTRIBUTES = (Public, ); }; };
		BDFD6A1C194E3BE400799C33 /* XUITableView.m in Sources */ = {isa = PBXBuildFile; fileRef = BDFD69E5194E388C00799C33 /* XUITableView.m */; };
		BDFD6A1D194E3BE400799C33 /* XUITableViewCell.h in Headers */ = {isa = PBXBuildFile; fileRef = BDFD69E6194E388C00799C33 /* XUITableViewCell.h */; settings = {ATTRIBUTES = (Public, ); }; };
		BDFD6A1E194E3BE400799C33 /* XUITableViewCell.m in Sources */ = {isa = PBXBuildFile; fileRef = BDFD69E7194E388C00799C33 /* XUITableViewCell.m */; };
		BDFD6A1F194E3BE400799C33 /* XUITableViewController.h in Headers */ = {isa = PBXBuildFile; fileRef = BDFD69E8194E388C00799C33 /* XUITableViewController.h */; settings = {ATTRIBUTES = (Public, ); }; };
		BDFD6A20194E3BE400799C33 /* XUITableViewController.m in Sources */ = {isa = PBXBuildFile; fileRef = BDFD69E9194E388C00799C33 /* XUITableViewController.m */; };
		BDFD6A21194E3BE400799C33 /* XUITextStorage.h in Headers */ = {isa = PBXBuildFile; fileRef = BDFD69EA194E388C00799C33 /* XUITextStorage.h */; settings = {ATTRIBUTES = (Public, ); }; };
		BDFD6A22194E3BE400799C33 /* XUITextStorage.m in Sources */ = {isa = PBXBuildFile; fileRef = BDFD69EB194E388C00799C33 /* XUITextStorage.m */; };
		BDFD6A23194E3BE400799C33 /* XUITextView.h in Headers */ = {isa = PBXBuildFile; fileRef = BDFD69EC194E388C00799C33 /* XUITextView.h */; settings = {ATTRIBUTES = (Public, ); }; };
		BDFD6A24194E3BE400799C33 /* XUITextView.m in Sources */ = {isa = PBXBuildFile; fileRef = BDFD69ED194E388C00799C33 /* XUITextView.m */; };
		BDFD6A25194E3BE400799C33 /* XUITextViewController.h in Headers */ = {isa = PBXBuildFile; fileRef = BDFD69EE194E388C00799C33 /* XUITextViewController.h */; settings = {ATTRIBUTES = (Public, ); }; };
		BDFD6A26194E3BE400799C33 /* XUITextViewController.m in Sources */ = {isa = PBXBuildFile; fileRef = BDFD69EF194E388C00799C33 /* XUITextViewController.m */; };
		BDFD6A27194E3BE400799C33 /* XUIViewController.h in Headers */ = {isa = PBXBuildFile; fileRef = BDFD69F0194E388C00799C33 /* XUIViewController.h */; settings = {ATTRIBUTES = (Public, ); }; };
		BDFD6A28194E3BE400799C33 /* XUIViewController.m in Sources */ = {isa = PBXBuildFile; fileRef = BDFD69F1194E388C00799C33 /* XUIViewController.m */; };
/* End PBXBuildFile section */

/* Begin PBXContainerItemProxy section */
		BDFD69AE194E383E00799C33 /* PBXContainerItemProxy */ = {
			isa = PBXContainerItemProxy;
			containerPortal = BDFD6998194E383E00799C33 /* Project object */;
			proxyType = 1;
			remoteGlobalIDString = BDFD69A0194E383E00799C33;
			remoteInfo = XUIKit;
		};
/* End PBXContainerItemProxy section */

/* Begin PBXFileReference section */
		BD10D51B195DBE1600BDC86E /* UIApplication+XUIKit.h */ = {isa = PBXFileReference; fileEncoding = 4; lastKnownFileType = sourcecode.c.h; path = "UIApplication+XUIKit.h"; sourceTree = "<group>"; };
		BD10D51C195DBE1600BDC86E /* UIApplication+XUIKit.m */ = {isa = PBXFileReference; fileEncoding = 4; lastKnownFileType = sourcecode.c.objc; path = "UIApplication+XUIKit.m"; sourceTree = "<group>"; };
		BDFD69A1194E383E00799C33 /* XUIKit.framework */ = {isa = PBXFileReference; explicitFileType = wrapper.framework; includeInIndex = 0; path = XUIKit.framework; sourceTree = BUILT_PRODUCTS_DIR; };
		BDFD69AC194E383E00799C33 /* XUIKitTests.xctest */ = {isa = PBXFileReference; explicitFileType = wrapper.cfbundle; includeInIndex = 0; path = XUIKitTests.xctest; sourceTree = BUILT_PRODUCTS_DIR; };
		BDFD69BD194E386C00799C33 /* LICENSE.md */ = {isa = PBXFileReference; lastKnownFileType = net.daringfireball.markdown; path = LICENSE.md; sourceTree = "<group>"; };
		BDFD69BE194E386C00799C33 /* README.md */ = {isa = PBXFileReference; lastKnownFileType = net.daringfireball.markdown; path = README.md; sourceTree = "<group>"; };
		BDFD69BF194E386C00799C33 /* Info.plist */ = {isa = PBXFileReference; lastKnownFileType = text.plist.xml; path = Info.plist; sourceTree = "<group>"; };
		BDFD69C2194E388C00799C33 /* NSBundle+XUIKit.h */ = {isa = PBXFileReference; lastKnownFileType = sourcecode.c.h; path = "NSBundle+XUIKit.h"; sourceTree = "<group>"; };
		BDFD69C3194E388C00799C33 /* NSBundle+XUIKit.m */ = {isa = PBXFileReference; lastKnownFileType = sourcecode.c.objc; path = "NSBundle+XUIKit.m"; sourceTree = "<group>"; };
		BDFD69C4194E388C00799C33 /* NSFetchedResultsController+XUIKit.h */ = {isa = PBXFileReference; lastKnownFileType = sourcecode.c.h; path = "NSFetchedResultsController+XUIKit.h"; sourceTree = "<group>"; };
		BDFD69C5194E388C00799C33 /* NSFetchedResultsController+XUIKit.m */ = {isa = PBXFileReference; lastKnownFileType = sourcecode.c.objc; path = "NSFetchedResultsController+XUIKit.m"; sourceTree = "<group>"; };
		BDFD69C6194E388C00799C33 /* NSMutableAttributedString+XUIKit.h */ = {isa = PBXFileReference; lastKnownFileType = sourcecode.c.h; path = "NSMutableAttributedString+XUIKit.h"; sourceTree = "<group>"; };
		BDFD69C7194E388C00799C33 /* NSMutableAttributedString+XUIKit.m */ = {isa = PBXFileReference; lastKnownFileType = sourcecode.c.objc; path = "NSMutableAttributedString+XUIKit.m"; sourceTree = "<group>"; };
		BDFD69C8194E388C00799C33 /* NSTextStorage+XUIKit.h */ = {isa = PBXFileReference; lastKnownFileType = sourcecode.c.h; path = "NSTextStorage+XUIKit.h"; sourceTree = "<group>"; };
		BDFD69C9194E388C00799C33 /* NSTextStorage+XUIKit.m */ = {isa = PBXFileReference; lastKnownFileType = sourcecode.c.objc; path = "NSTextStorage+XUIKit.m"; sourceTree = "<group>"; };
		BDFD69CA194E388C00799C33 /* UIBarButtonItem+XUIKit.h */ = {isa = PBXFileReference; lastKnownFileType = sourcecode.c.h; path = "UIBarButtonItem+XUIKit.h"; sourceTree = "<group>"; };
		BDFD69CB194E388C00799C33 /* UIBarButtonItem+XUIKit.m */ = {isa = PBXFileReference; lastKnownFileType = sourcecode.c.objc; path = "UIBarButtonItem+XUIKit.m"; sourceTree = "<group>"; };
		BDFD69CC194E388C00799C33 /* UICollectionView+XUIKit.h */ = {isa = PBXFileReference; lastKnownFileType = sourcecode.c.h; path = "UICollectionView+XUIKit.h"; sourceTree = "<group>"; };
		BDFD69CD194E388C00799C33 /* UICollectionView+XUIKit.m */ = {isa = PBXFileReference; lastKnownFileType = sourcecode.c.objc; path = "UICollectionView+XUIKit.m"; sourceTree = "<group>"; };
		BDFD69CE194E388C00799C33 /* UIImage+XUIKit.h */ = {isa = PBXFileReference; lastKnownFileType = sourcecode.c.h; path = "UIImage+XUIKit.h"; sourceTree = "<group>"; };
		BDFD69CF194E388C00799C33 /* UIImage+XUIKit.m */ = {isa = PBXFileReference; lastKnownFileType = sourcecode.c.objc; path = "UIImage+XUIKit.m"; sourceTree = "<group>"; };
		BDFD69D0194E388C00799C33 /* UITableView+XUIKit.h */ = {isa = PBXFileReference; lastKnownFileType = sourcecode.c.h; path = "UITableView+XUIKit.h"; sourceTree = "<group>"; };
		BDFD69D1194E388C00799C33 /* UITableView+XUIKit.m */ = {isa = PBXFileReference; lastKnownFileType = sourcecode.c.objc; path = "UITableView+XUIKit.m"; sourceTree = "<group>"; };
		BDFD69D2194E388C00799C33 /* UITextField+XUIKit.h */ = {isa = PBXFileReference; lastKnownFileType = sourcecode.c.h; path = "UITextField+XUIKit.h"; sourceTree = "<group>"; };
		BDFD69D3194E388C00799C33 /* UITextField+XUIKit.m */ = {isa = PBXFileReference; lastKnownFileType = sourcecode.c.objc; path = "UITextField+XUIKit.m"; sourceTree = "<group>"; };
		BDFD69D4194E388C00799C33 /* UITextView+XUIKit.h */ = {isa = PBXFileReference; lastKnownFileType = sourcecode.c.h; path = "UITextView+XUIKit.h"; sourceTree = "<group>"; };
		BDFD69D5194E388C00799C33 /* UITextView+XUIKit.m */ = {isa = PBXFileReference; lastKnownFileType = sourcecode.c.objc; path = "UITextView+XUIKit.m"; sourceTree = "<group>"; };
		BDFD69D6194E388C00799C33 /* UIView+XUIKit.h */ = {isa = PBXFileReference; lastKnownFileType = sourcecode.c.h; path = "UIView+XUIKit.h"; sourceTree = "<group>"; };
		BDFD69D7194E388C00799C33 /* UIView+XUIKit.m */ = {isa = PBXFileReference; lastKnownFileType = sourcecode.c.objc; path = "UIView+XUIKit.m"; sourceTree = "<group>"; };
		BDFD69DE194E388C00799C33 /* XUIInputView.h */ = {isa = PBXFileReference; lastKnownFileType = sourcecode.c.h; path = XUIInputView.h; sourceTree = "<group>"; };
		BDFD69DF194E388C00799C33 /* XUIInputView.m */ = {isa = PBXFileReference; lastKnownFileType = sourcecode.c.objc; path = XUIInputView.m; sourceTree = "<group>"; };
		BDFD69E0194E388C00799C33 /* XUIKit.h */ = {isa = PBXFileReference; lastKnownFileType = sourcecode.c.h; path = XUIKit.h; sourceTree = "<group>"; };
		BDFD69E2194E388C00799C33 /* XUILabel.h */ = {isa = PBXFileReference; lastKnownFileType = sourcecode.c.h; path = XUILabel.h; sourceTree = "<group>"; };
		BDFD69E3194E388C00799C33 /* XUILabel.m */ = {isa = PBXFileReference; lastKnownFileType = sourcecode.c.objc; path = XUILabel.m; sourceTree = "<group>"; };
		BDFD69E4194E388C00799C33 /* XUITableView.h */ = {isa = PBXFileReference; lastKnownFileType = sourcecode.c.h; path = XUITableView.h; sourceTree = "<group>"; };
		BDFD69E5194E388C00799C33 /* XUITableView.m */ = {isa = PBXFileReference; lastKnownFileType = sourcecode.c.objc; path = XUITableView.m; sourceTree = "<group>"; };
		BDFD69E6194E388C00799C33 /* XUITableViewCell.h */ = {isa = PBXFileReference; lastKnownFileType = sourcecode.c.h; path = XUITableViewCell.h; sourceTree = "<group>"; };
		BDFD69E7194E388C00799C33 /* XUITableViewCell.m */ = {isa = PBXFileReference; lastKnownFileType = sourcecode.c.objc; path = XUITableViewCell.m; sourceTree = "<group>"; };
		BDFD69E8194E388C00799C33 /* XUITableViewController.h */ = {isa = PBXFileReference; lastKnownFileType = sourcecode.c.h; path = XUITableViewController.h; sourceTree = "<group>"; };
		BDFD69E9194E388C00799C33 /* XUITableViewController.m */ = {isa = PBXFileReference; lastKnownFileType = sourcecode.c.objc; path = XUITableViewController.m; sourceTree = "<group>"; };
		BDFD69EA194E388C00799C33 /* XUITextStorage.h */ = {isa = PBXFileReference; lastKnownFileType = sourcecode.c.h; path = XUITextStorage.h; sourceTree = "<group>"; };
		BDFD69EB194E388C00799C33 /* XUITextStorage.m */ = {isa = PBXFileReference; lastKnownFileType = sourcecode.c.objc; path = XUITextStorage.m; sourceTree = "<group>"; };
		BDFD69EC194E388C00799C33 /* XUITextView.h */ = {isa = PBXFileReference; lastKnownFileType = sourcecode.c.h; path = XUITextView.h; sourceTree = "<group>"; };
		BDFD69ED194E388C00799C33 /* XUITextView.m */ = {isa = PBXFileReference; lastKnownFileType = sourcecode.c.objc; path = XUITextView.m; sourceTree = "<group>"; };
		BDFD69EE194E388C00799C33 /* XUITextViewController.h */ = {isa = PBXFileReference; lastKnownFileType = sourcecode.c.h; path = XUITextViewController.h; sourceTree = "<group>"; };
		BDFD69EF194E388C00799C33 /* XUITextViewController.m */ = {isa = PBXFileReference; lastKnownFileType = sourcecode.c.objc; path = XUITextViewController.m; sourceTree = "<group>"; };
		BDFD69F0194E388C00799C33 /* XUIViewController.h */ = {isa = PBXFileReference; lastKnownFileType = sourcecode.c.h; path = XUIViewController.h; sourceTree = "<group>"; };
		BDFD69F1194E388C00799C33 /* XUIViewController.m */ = {isa = PBXFileReference; lastKnownFileType = sourcecode.c.objc; path = XUIViewController.m; sourceTree = "<group>"; };
		BDFD69F3194E388C00799C33 /* Info.plist */ = {isa = PBXFileReference; lastKnownFileType = text.plist.xml; path = Info.plist; sourceTree = "<group>"; };
		BDFD69F4194E388C00799C33 /* XUIKitTests.m */ = {isa = PBXFileReference; lastKnownFileType = sourcecode.c.objc; path = XUIKitTests.m; sourceTree = "<group>"; };
/* End PBXFileReference section */

/* Begin PBXFrameworksBuildPhase section */
		BDFD699D194E383E00799C33 /* Frameworks */ = {
			isa = PBXFrameworksBuildPhase;
			buildActionMask = 2147483647;
			files = (
			);
			runOnlyForDeploymentPostprocessing = 0;
		};
		BDFD69A9194E383E00799C33 /* Frameworks */ = {
			isa = PBXFrameworksBuildPhase;
			buildActionMask = 2147483647;
			files = (
				BDFD69AD194E383E00799C33 /* XUIKit.framework in Frameworks */,
			);
			runOnlyForDeploymentPostprocessing = 0;
		};
/* End PBXFrameworksBuildPhase section */

/* Begin PBXGroup section */
		BD4BDA261977A80E003C81EA /* General */ = {
			isa = PBXGroup;
			children = (
				BDFD69E0194E388C00799C33 /* XUIKit.h */,
			);
			name = General;
			sourceTree = "<group>";
		};
		BDE4AB75194ECF3A00597AB3 /* TextView */ = {
			isa = PBXGroup;
			children = (
				BDFD69EE194E388C00799C33 /* XUITextViewController.h */,
				BDFD69EF194E388C00799C33 /* XUITextViewController.m */,
				BDFD69EA194E388C00799C33 /* XUITextStorage.h */,
				BDFD69EB194E388C00799C33 /* XUITextStorage.m */,
				BDFD69EC194E388C00799C33 /* XUITextView.h */,
				BDFD69ED194E388C00799C33 /* XUITextView.m */,
			);
			name = TextView;
			sourceTree = "<group>";
		};
		BDE4AB76194ECF5B00597AB3 /* TableView */ = {
			isa = PBXGroup;
			children = (
				BDFD69E8194E388C00799C33 /* XUITableViewController.h */,
				BDFD69E9194E388C00799C33 /* XUITableViewController.m */,
				BDFD69E4194E388C00799C33 /* XUITableView.h */,
				BDFD69E5194E388C00799C33 /* XUITableView.m */,
				BDFD69E6194E388C00799C33 /* XUITableViewCell.h */,
				BDFD69E7194E388C00799C33 /* XUITableViewCell.m */,
			);
			name = TableView;
			sourceTree = "<group>";
		};
		BDE4AB77194ECFA500597AB3 /* Views */ = {
			isa = PBXGroup;
			children = (
				BDFD69F0194E388C00799C33 /* XUIViewController.h */,
				BDFD69F1194E388C00799C33 /* XUIViewController.m */,
				BDFD69DE194E388C00799C33 /* XUIInputView.h */,
				BDFD69DF194E388C00799C33 /* XUIInputView.m */,
				BDFD69E2194E388C00799C33 /* XUILabel.h */,
				BDFD69E3194E388C00799C33 /* XUILabel.m */,
			);
			name = Views;
			sourceTree = "<group>";
		};
		BDFD6997194E383E00799C33 = {
			isa = PBXGroup;
			children = (
				BDFD69C0194E387A00799C33 /* Resources */,
				BDFD69C1194E388C00799C33 /* Source */,
				BDFD69F2194E388C00799C33 /* Tests */,
				BDFD69A2194E383E00799C33 /* Products */,
			);
			sourceTree = "<group>";
		};
		BDFD69A2194E383E00799C33 /* Products */ = {
			isa = PBXGroup;
			children = (
				BDFD69A1194E383E00799C33 /* XUIKit.framework */,
				BDFD69AC194E383E00799C33 /* XUIKitTests.xctest */,
			);
			name = Products;
			sourceTree = "<group>";
		};
		BDFD69C0194E387A00799C33 /* Resources */ = {
			isa = PBXGroup;
			children = (
				BDFD69BD194E386C00799C33 /* LICENSE.md */,
				BDFD69BE194E386C00799C33 /* README.md */,
				BDFD69BF194E386C00799C33 /* Info.plist */,
			);
			name = Resources;
			sourceTree = "<group>";
		};
		BDFD69C1194E388C00799C33 /* Source */ = {
			isa = PBXGroup;
			children = (
				BD4BDA261977A80E003C81EA /* General */,
				BDE4AB76194ECF5B00597AB3 /* TableView */,
				BDE4AB75194ECF3A00597AB3 /* TextView */,
				BDE4AB77194ECFA500597AB3 /* Views */,
				BDFD69F8194E396C00799C33 /* Categories */,
			);
			path = Source;
			sourceTree = "<group>";
		};
		BDFD69F2194E388C00799C33 /* Tests */ = {
			isa = PBXGroup;
			children = (
				BDFD69F3194E388C00799C33 /* Info.plist */,
				BDFD69F4194E388C00799C33 /* XUIKitTests.m */,
			);
			path = Tests;
			sourceTree = "<group>";
		};
		BDFD69F8194E396C00799C33 /* Categories */ = {
			isa = PBXGroup;
			children = (
				BDFD69C2194E388C00799C33 /* NSBundle+XUIKit.h */,
				BDFD69C3194E388C00799C33 /* NSBundle+XUIKit.m */,
				BDFD69C4194E388C00799C33 /* NSFetchedResultsController+XUIKit.h */,
				BDFD69C5194E388C00799C33 /* NSFetchedResultsController+XUIKit.m */,
				BDFD69C6194E388C00799C33 /* NSMutableAttributedString+XUIKit.h */,
				BDFD69C7194E388C00799C33 /* NSMutableAttributedString+XUIKit.m */,
				BDFD69C8194E388C00799C33 /* NSTextStorage+XUIKit.h */,
				BDFD69C9194E388C00799C33 /* NSTextStorage+XUIKit.m */,
				BD10D51B195DBE1600BDC86E /* UIApplication+XUIKit.h */,
				BD10D51C195DBE1600BDC86E /* UIApplication+XUIKit.m */,
				BDFD69CA194E388C00799C33 /* UIBarButtonItem+XUIKit.h */,
				BDFD69CB194E388C00799C33 /* UIBarButtonItem+XUIKit.m */,
				BDFD69CC194E388C00799C33 /* UICollectionView+XUIKit.h */,
				BDFD69CD194E388C00799C33 /* UICollectionView+XUIKit.m */,
				BDFD69CE194E388C00799C33 /* UIImage+XUIKit.h */,
				BDFD69CF194E388C00799C33 /* UIImage+XUIKit.m */,
				BDFD69D0194E388C00799C33 /* UITableView+XUIKit.h */,
				BDFD69D1194E388C00799C33 /* UITableView+XUIKit.m */,
				BDFD69D2194E388C00799C33 /* UITextField+XUIKit.h */,
				BDFD69D3194E388C00799C33 /* UITextField+XUIKit.m */,
				BDFD69D4194E388C00799C33 /* UITextView+XUIKit.h */,
				BDFD69D5194E388C00799C33 /* UITextView+XUIKit.m */,
				BDFD69D6194E388C00799C33 /* UIView+XUIKit.h */,
				BDFD69D7194E388C00799C33 /* UIView+XUIKit.m */,
			);
			name = Categories;
			sourceTree = "<group>";
		};
/* End PBXGroup section */

/* Begin PBXHeadersBuildPhase section */
		BDFD699E194E383E00799C33 /* Headers */ = {
			isa = PBXHeadersBuildPhase;
			buildActionMask = 2147483647;
			files = (
				BDFD6A06194E39EB00799C33 /* UIImage+XUIKit.h in Headers */,
				BDFD69F7194E390200799C33 /* XUIKit.h in Headers */,
				BDFD6A0A194E39EB00799C33 /* UITextField+XUIKit.h in Headers */,
				BDFD6A08194E39EB00799C33 /* UITableView+XUIKit.h in Headers */,
				BDFD6A16194E3BE400799C33 /* XUIInputView.h in Headers */,
				BDFD6A25194E3BE400799C33 /* XUITextViewController.h in Headers */,
				BDFD6A0C194E39EB00799C33 /* UITextView+XUIKit.h in Headers */,
				BDFD6A19194E3BE400799C33 /* XUILabel.h in Headers */,
				BDFD6A1D194E3BE400799C33 /* XUITableViewCell.h in Headers */,
				BDFD6A02194E39EB00799C33 /* UIBarButtonItem+XUIKit.h in Headers */,
				BDFD6A23194E3BE400799C33 /* XUITextView.h in Headers */,
				BDFD6A04194E39EB00799C33 /* UICollectionView+XUIKit.h in Headers */,
				BD10D51D195DBE1600BDC86E /* UIApplication+XUIKit.h in Headers */,
				BDFD6A27194E3BE400799C33 /* XUIViewController.h in Headers */,
				BDFD6A1B194E3BE400799C33 /* XUITableView.h in Headers */,
				BDFD69FC194E39EB00799C33 /* NSFetchedResultsController+XUIKit.h in Headers */,
				BDFD69FA194E39EB00799C33 /* NSBundle+XUIKit.h in Headers */,
				BDFD6A00194E39EB00799C33 /* NSTextStorage+XUIKit.h in Headers */,
				BDFD69FE194E39EB00799C33 /* NSMutableAttributedString+XUIKit.h in Headers */,
				BDFD6A0E194E39EB00799C33 /* UIView+XUIKit.h in Headers */,
				BDFD6A21194E3BE400799C33 /* XUITextStorage.h in Headers */,
				BDFD6A1F194E3BE400799C33 /* XUITableViewController.h in Headers */,
			);
			runOnlyForDeploymentPostprocessing = 0;
		};
/* End PBXHeadersBuildPhase section */

/* Begin PBXNativeTarget section */
		BDFD69A0194E383E00799C33 /* XUIKit */ = {
			isa = PBXNativeTarget;
			buildConfigurationList = BDFD69B7194E383E00799C33 /* Build configuration list for PBXNativeTarget "XUIKit" */;
			buildPhases = (
				BDFD699C194E383E00799C33 /* Sources */,
				BDFD699D194E383E00799C33 /* Frameworks */,
				BDFD699E194E383E00799C33 /* Headers */,
				BDFD699F194E383E00799C33 /* Resources */,
			);
			buildRules = (
			);
			dependencies = (
			);
			name = XUIKit;
			productName = XUIKit;
			productReference = BDFD69A1194E383E00799C33 /* XUIKit.framework */;
			productType = "com.apple.product-type.framework";
		};
		BDFD69AB194E383E00799C33 /* XUIKitTests */ = {
			isa = PBXNativeTarget;
			buildConfigurationList = BDFD69BA194E383E00799C33 /* Build configuration list for PBXNativeTarget "XUIKitTests" */;
			buildPhases = (
				BDFD69A8194E383E00799C33 /* Sources */,
				BDFD69A9194E383E00799C33 /* Frameworks */,
				BDFD69AA194E383E00799C33 /* Resources */,
			);
			buildRules = (
			);
			dependencies = (
				BDFD69AF194E383E00799C33 /* PBXTargetDependency */,
			);
			name = XUIKitTests;
			productName = XUIKitTests;
			productReference = BDFD69AC194E383E00799C33 /* XUIKitTests.xctest */;
			productType = "com.apple.product-type.bundle.unit-test";
		};
/* End PBXNativeTarget section */

/* Begin PBXProject section */
		BDFD6998194E383E00799C33 /* Project object */ = {
			isa = PBXProject;
			attributes = {
				LastUpgradeCheck = 0600;
				ORGANIZATIONNAME = "Felix Gabel";
				TargetAttributes = {
					BDFD69A0194E383E00799C33 = {
						CreatedOnToolsVersion = 6.0;
					};
					BDFD69AB194E383E00799C33 = {
						CreatedOnToolsVersion = 6.0;
						TestTargetID = BDFD69A0194E383E00799C33;
					};
				};
			};
			buildConfigurationList = BDFD699B194E383E00799C33 /* Build configuration list for PBXProject "XUIKit" */;
			compatibilityVersion = "Xcode 3.2";
			developmentRegion = English;
			hasScannedForEncodings = 0;
			knownRegions = (
				en,
			);
			mainGroup = BDFD6997194E383E00799C33;
			productRefGroup = BDFD69A2194E383E00799C33 /* Products */;
			projectDirPath = "";
			projectRoot = "";
			targets = (
				BDFD69A0194E383E00799C33 /* XUIKit */,
				BDFD69AB194E383E00799C33 /* XUIKitTests */,
			);
		};
/* End PBXProject section */

/* Begin PBXResourcesBuildPhase section */
		BDFD699F194E383E00799C33 /* Resources */ = {
			isa = PBXResourcesBuildPhase;
			buildActionMask = 2147483647;
			files = (
			);
			runOnlyForDeploymentPostprocessing = 0;
		};
		BDFD69AA194E383E00799C33 /* Resources */ = {
			isa = PBXResourcesBuildPhase;
			buildActionMask = 2147483647;
			files = (
			);
			runOnlyForDeploymentPostprocessing = 0;
		};
/* End PBXResourcesBuildPhase section */

/* Begin PBXSourcesBuildPhase section */
		BDFD699C194E383E00799C33 /* Sources */ = {
			isa = PBXSourcesBuildPhase;
			buildActionMask = 2147483647;
			files = (
				BDFD6A26194E3BE400799C33 /* XUITextViewController.m in Sources */,
				BDFD6A05194E39EB00799C33 /* UICollectionView+XUIKit.m in Sources */,
				BDFD6A09194E39EB00799C33 /* UITableView+XUIKit.m in Sources */,
				BDFD69FB194E39EB00799C33 /* NSBundle+XUIKit.m in Sources */,
				BDFD6A1E194E3BE400799C33 /* XUITableViewCell.m in Sources */,
				BDFD6A28194E3BE400799C33 /* XUIViewController.m in Sources */,
				BDFD6A17194E3BE400799C33 /* XUIInputView.m in Sources */,
				BDFD6A01194E39EB00799C33 /* NSTextStorage+XUIKit.m in Sources */,
				BDFD69FF194E39EB00799C33 /* NSMutableAttributedString+XUIKit.m in Sources */,
				BDFD6A24194E3BE400799C33 /* XUITextView.m in Sources */,
				BDFD69FD194E39EB00799C33 /* NSFetchedResultsController+XUIKit.m in Sources */,
				BDFD6A0F194E39EB00799C33 /* UIView+XUIKit.m in Sources */,
				BDFD6A20194E3BE400799C33 /* XUITableViewController.m in Sources */,
				BDFD6A22194E3BE400799C33 /* XUITextStorage.m in Sources */,
				BDFD6A07194E39EB00799C33 /* UIImage+XUIKit.m in Sources */,
				BDFD6A0B194E39EB00799C33 /* UITextField+XUIKit.m in Sources */,
				BDFD6A1A194E3BE400799C33 /* XUILabel.m in Sources */,
				BDFD6A1C194E3BE400799C33 /* XUITableView.m in Sources */,
				BD10D51E195DBE1600BDC86E /* UIApplication+XUIKit.m in Sources */,
				BDFD6A03194E39EB00799C33 /* UIBarButtonItem+XUIKit.m in Sources */,
				BDFD6A0D194E39EB00799C33 /* UITextView+XUIKit.m in Sources */,
			);
			runOnlyForDeploymentPostprocessing = 0;
		};
		BDFD69A8194E383E00799C33 /* Sources */ = {
			isa = PBXSourcesBuildPhase;
			buildActionMask = 2147483647;
			files = (
				BDFD69F5194E389800799C33 /* XUIKitTests.m in Sources */,
			);
			runOnlyForDeploymentPostprocessing = 0;
		};
/* End PBXSourcesBuildPhase section */

/* Begin PBXTargetDependency section */
		BDFD69AF194E383E00799C33 /* PBXTargetDependency */ = {
			isa = PBXTargetDependency;
			target = BDFD69A0194E383E00799C33 /* XUIKit */;
			targetProxy = BDFD69AE194E383E00799C33 /* PBXContainerItemProxy */;
		};
/* End PBXTargetDependency section */

/* Begin XCBuildConfiguration section */
		BDFD69B5194E383E00799C33 /* Debug */ = {
			isa = XCBuildConfiguration;
			buildSettings = {
				ALWAYS_SEARCH_USER_PATHS = NO;
				CLANG_CXX_LANGUAGE_STANDARD = "gnu++0x";
				CLANG_CXX_LIBRARY = "libc++";
				CLANG_ENABLE_MODULES = YES;
				CLANG_ENABLE_OBJC_ARC = YES;
				CLANG_WARN_BOOL_CONVERSION = YES;
				CLANG_WARN_CONSTANT_CONVERSION = YES;
				CLANG_WARN_DIRECT_OBJC_ISA_USAGE = YES_ERROR;
				CLANG_WARN_EMPTY_BODY = YES;
				CLANG_WARN_ENUM_CONVERSION = YES;
				CLANG_WARN_INT_CONVERSION = YES;
				CLANG_WARN_OBJC_ROOT_CLASS = YES_ERROR;
				CLANG_WARN_UNREACHABLE_CODE = YES;
				CLANG_WARN__DUPLICATE_METHOD_MATCH = YES;
				"CODE_SIGN_IDENTITY[sdk=iphoneos*]" = "iPhone Developer";
				COPY_PHASE_STRIP = NO;
				CURRENT_PROJECT_VERSION = 1;
				ENABLE_STRICT_OBJC_MSGSEND = YES;
				GCC_C_LANGUAGE_STANDARD = gnu99;
				GCC_DYNAMIC_NO_PIC = NO;
				GCC_OPTIMIZATION_LEVEL = 0;
				GCC_PREPROCESSOR_DEFINITIONS = (
					"DEBUG=1",
					"$(inherited)",
				);
				GCC_SYMBOLS_PRIVATE_EXTERN = NO;
				GCC_WARN_64_TO_32_BIT_CONVERSION = YES;
				GCC_WARN_ABOUT_RETURN_TYPE = YES_ERROR;
				GCC_WARN_UNDECLARED_SELECTOR = YES;
				GCC_WARN_UNINITIALIZED_AUTOS = YES_AGGRESSIVE;
				GCC_WARN_UNUSED_FUNCTION = YES;
				GCC_WARN_UNUSED_VARIABLE = YES;
				IPHONEOS_DEPLOYMENT_TARGET = 8.0;
				METAL_ENABLE_DEBUG_INFO = YES;
				ONLY_ACTIVE_ARCH = YES;
				SDKROOT = iphoneos;
				TARGETED_DEVICE_FAMILY = "1,2";
				VERSIONING_SYSTEM = "apple-generic";
				VERSION_INFO_PREFIX = "";
			};
			name = Debug;
		};
		BDFD69B6194E383E00799C33 /* Release */ = {
			isa = XCBuildConfiguration;
			buildSettings = {
				ALWAYS_SEARCH_USER_PATHS = NO;
				CLANG_CXX_LANGUAGE_STANDARD = "gnu++0x";
				CLANG_CXX_LIBRARY = "libc++";
				CLANG_ENABLE_MODULES = YES;
				CLANG_ENABLE_OBJC_ARC = YES;
				CLANG_WARN_BOOL_CONVERSION = YES;
				CLANG_WARN_CONSTANT_CONVERSION = YES;
				CLANG_WARN_DIRECT_OBJC_ISA_USAGE = YES_ERROR;
				CLANG_WARN_EMPTY_BODY = YES;
				CLANG_WARN_ENUM_CONVERSION = YES;
				CLANG_WARN_INT_CONVERSION = YES;
				CLANG_WARN_OBJC_ROOT_CLASS = YES_ERROR;
				CLANG_WARN_UNREACHABLE_CODE = YES;
				CLANG_WARN__DUPLICATE_METHOD_MATCH = YES;
				"CODE_SIGN_IDENTITY[sdk=iphoneos*]" = "iPhone Developer";
				COPY_PHASE_STRIP = YES;
				CURRENT_PROJECT_VERSION = 1;
				ENABLE_NS_ASSERTIONS = NO;
				ENABLE_STRICT_OBJC_MSGSEND = YES;
				GCC_C_LANGUAGE_STANDARD = gnu99;
				GCC_WARN_64_TO_32_BIT_CONVERSION = YES;
				GCC_WARN_ABOUT_RETURN_TYPE = YES_ERROR;
				GCC_WARN_UNDECLARED_SELECTOR = YES;
				GCC_WARN_UNINITIALIZED_AUTOS = YES_AGGRESSIVE;
				GCC_WARN_UNUSED_FUNCTION = YES;
				GCC_WARN_UNUSED_VARIABLE = YES;
				IPHONEOS_DEPLOYMENT_TARGET = 8.0;
				METAL_ENABLE_DEBUG_INFO = NO;
				SDKROOT = iphoneos;
				TARGETED_DEVICE_FAMILY = "1,2";
				VALIDATE_PRODUCT = YES;
				VERSIONING_SYSTEM = "apple-generic";
				VERSION_INFO_PREFIX = "";
			};
			name = Release;
		};
		BDFD69B8194E383E00799C33 /* Debug */ = {
			isa = XCBuildConfiguration;
			buildSettings = {
				DEFINES_MODULE = YES;
				DYLIB_COMPATIBILITY_VERSION = 1;
				DYLIB_CURRENT_VERSION = 1;
				DYLIB_INSTALL_NAME_BASE = "@rpath";
				INFOPLIST_FILE = Info.plist;
				INSTALL_PATH = "$(LOCAL_LIBRARY_DIR)/Frameworks";
				LD_RUNPATH_SEARCH_PATHS = "$(inherited) @executable_path/Frameworks @loader_path/Frameworks";
				PRODUCT_NAME = "$(TARGET_NAME)";
				SKIP_INSTALL = YES;
			};
			name = Debug;
		};
		BDFD69B9194E383E00799C33 /* Release */ = {
			isa = XCBuildConfiguration;
			buildSettings = {
				DEFINES_MODULE = YES;
				DYLIB_COMPATIBILITY_VERSION = 1;
				DYLIB_CURRENT_VERSION = 1;
				DYLIB_INSTALL_NAME_BASE = "@rpath";
				INFOPLIST_FILE = Info.plist;
				INSTALL_PATH = "$(LOCAL_LIBRARY_DIR)/Frameworks";
				LD_RUNPATH_SEARCH_PATHS = "$(inherited) @executable_path/Frameworks @loader_path/Frameworks";
				PRODUCT_NAME = "$(TARGET_NAME)";
				SKIP_INSTALL = YES;
			};
			name = Release;
		};
		BDFD69BB194E383E00799C33 /* Debug */ = {
			isa = XCBuildConfiguration;
			buildSettings = {
				FRAMEWORK_SEARCH_PATHS = (
					"$(SDKROOT)/Developer/Library/Frameworks",
					"$(inherited)",
				);
				GCC_PREPROCESSOR_DEFINITIONS = (
					"DEBUG=1",
					"$(inherited)",
				);
				INFOPLIST_FILE = Tests/Info.plist;
				LD_RUNPATH_SEARCH_PATHS = "$(inherited) @executable_path/Frameworks @loader_path/Frameworks";
				METAL_ENABLE_DEBUG_INFO = YES;
				PRODUCT_NAME = "$(TARGET_NAME)";
			};
			name = Debug;
		};
		BDFD69BC194E383E00799C33 /* Release */ = {
			isa = XCBuildConfiguration;
			buildSettings = {
				FRAMEWORK_SEARCH_PATHS = (
					"$(SDKROOT)/Developer/Library/Frameworks",
					"$(inherited)",
				);
				INFOPLIST_FILE = Tests/Info.plist;
				LD_RUNPATH_SEARCH_PATHS = "$(inherited) @executable_path/Frameworks @loader_path/Frameworks";
				METAL_ENABLE_DEBUG_INFO = NO;
				PRODUCT_NAME = "$(TARGET_NAME)";
			};
			name = Release;
		};
/* End XCBuildConfiguration section */

/* Begin XCConfigurationList section */
		BDFD699B194E383E00799C33 /* Build configuration list for PBXProject "XUIKit" */ = {
			isa = XCConfigurationList;
			buildConfigurations = (
				BDFD69B5194E383E00799C33 /* Debug */,
				BDFD69B6194E383E00799C33 /* Release */,
			);
			defaultConfigurationIsVisible = 0;
			defaultConfigurationName = Release;
		};
		BDFD69B7194E383E00799C33 /* Build configuration list for PBXNativeTarget "XUIKit" */ = {
			isa = XCConfigurationList;
			buildConfigurations = (
				BDFD69B8194E383E00799C33 /* Debug */,
				BDFD69B9194E383E00799C33 /* Release */,
			);
			defaultConfigurationIsVisible = 0;
			defaultConfigurationName = Release;
		};
		BDFD69BA194E383E00799C33 /* Build configuration list for PBXNativeTarget "XUIKitTests" */ = {
			isa = XCConfigurationList;
			buildConfigurations = (
				BDFD69BB194E383E00799C33 /* Debug */,
				BDFD69BC194E383E00799C33 /* Release */,
			);
			defaultConfigurationIsVisible = 0;
			defaultConfigurationName = Release;
		};
/* End XCConfigurationList section */
	};
	rootObject = BDFD6998194E383E00799C33 /* Project object */;
}
